
Microsoft Visual Studio Solution File, Format Version 12.00
# Visual Studio 15
VisualStudioVersion = 15.0.27004.2005
MinimumVisualStudioVersion = 10.0.40219.1
Project("{FAE04EC0-301F-11D3-BF4B-00C04F79EFBC}") = "P01_HospitalDatabase", "P01_HospitalDatabase\P01_HospitalDatabase.csproj", "{0BBEF50E-8EE3-48A7-BE2B-857619008848}"
EndProject
Project("{FAE04EC0-301F-11D3-BF4B-00C04F79EFBC}") = "HospitalStartup", "HospitalStartup\HospitalStartup.csproj", "{C44F6ADC-87BF-4C09-BF8A-FE9BF1DB4FF3}"
EndProject
Project("{9A19103F-16F7-4668-BE54-9A1E7A4F7556}") = "HospitalDatabaseInitializer", "HospitalDatabaseInitializer\HospitalDatabaseInitializer.csproj", "{0F874A00-CC45-464E-809A-AE08181F6963}"
EndProject
Project("{FAE04EC0-301F-11D3-BF4B-00C04F79EFBC}") = "P03_SalesDatabase", "P03_SalesDatabase\P03_SalesDatabase.csproj", "{4944B82C-B565-493B-92A8-56F41CEBDF4A}"
EndProject
Project("{FAE04EC0-301F-11D3-BF4B-00C04F79EFBC}") = "SalesStartup", "SalesStartup\SalesStartup.csproj", "{906BBA6F-8ECD-447E-9A9E-C9E9D33B4A6B}"
EndProject
Global
	GlobalSection(SolutionConfigurationPlatforms) = preSolution
		Debug|Any CPU = Debug|Any CPU
		Release|Any CPU = Release|Any CPU
	EndGlobalSection
	GlobalSection(ProjectConfigurationPlatforms) = postSolution
		{0BBEF50E-8EE3-48A7-BE2B-857619008848}.Debug|Any CPU.ActiveCfg = Debug|Any CPU
		{0BBEF50E-8EE3-48A7-BE2B-857619008848}.Debug|Any CPU.Build.0 = Debug|Any CPU
		{0BBEF50E-8EE3-48A7-BE2B-857619008848}.Release|Any CPU.ActiveCfg = Release|Any CPU
		{0BBEF50E-8EE3-48A7-BE2B-857619008848}.Release|Any CPU.Build.0 = Release|Any CPU
		{C44F6ADC-87BF-4C09-BF8A-FE9BF1DB4FF3}.Debug|Any CPU.ActiveCfg = Debug|Any CPU
		{C44F6ADC-87BF-4C09-BF8A-FE9BF1DB4FF3}.Debug|Any CPU.Build.0 = Debug|Any CPU
		{C44F6ADC-87BF-4C09-BF8A-FE9BF1DB4FF3}.Release|Any CPU.ActiveCfg = Release|Any CPU
		{C44F6ADC-87BF-4C09-BF8A-FE9BF1DB4FF3}.Release|Any CPU.Build.0 = Release|Any CPU
		{0F874A00-CC45-464E-809A-AE08181F6963}.Debug|Any CPU.ActiveCfg = Debug|Any CPU
		{0F874A00-CC45-464E-809A-AE08181F6963}.Debug|Any CPU.Build.0 = Debug|Any CPU
		{0F874A00-CC45-464E-809A-AE08181F6963}.Release|Any CPU.ActiveCfg = Release|Any CPU
		{0F874A00-CC45-464E-809A-AE08181F6963}.Release|Any CPU.Build.0 = Release|Any CPU
		{4944B82C-B565-493B-92A8-56F41CEBDF4A}.Debug|Any CPU.ActiveCfg = Debug|Any CPU
		{4944B82C-B565-493B-92A8-56F41CEBDF4A}.Debug|Any CPU.Build.0 = Debug|Any CPU
		{4944B82C-B565-493B-92A8-56F41CEBDF4A}.Release|Any CPU.ActiveCfg = Release|Any CPU
		{4944B82C-B565-493B-92A8-56F41CEBDF4A}.Release|Any CPU.Build.0 = Release|Any CPU
		{906BBA6F-8ECD-447E-9A9E-C9E9D33B4A6B}.Debug|Any CPU.ActiveCfg = Debug|Any CPU
		{906BBA6F-8ECD-447E-9A9E-C9E9D33B4A6B}.Debug|Any CPU.Build.0 = Debug|Any CPU
		{906BBA6F-8ECD-447E-9A9E-C9E9D33B4A6B}.Release|Any CPU.ActiveCfg = Release|Any CPU
		{906BBA6F-8ECD-447E-9A9E-C9E9D33B4A6B}.Release|Any CPU.Build.0 = Release|Any CPU
	EndGlobalSection
	GlobalSection(SolutionProperties) = preSolution
		HideSolutionNode = FALSE
	EndGlobalSection
	GlobalSection(ExtensibilityGlobals) = postSolution
		SolutionGuid = {07CA7816-7F8B-4755-987C-54D3B87B53F3}
	EndGlobalSection
EndGlobal
