
Microsoft Visual Studio Solution File, Format Version 12.00
# Visual Studio 15
VisualStudioVersion = 15.0.27004.2005
MinimumVisualStudioVersion = 10.0.40219.1
Project("{FAE04EC0-301F-11D3-BF4B-00C04F79EFBC}") = "P01_StudentSystem", "P01_StudentSystem\P01_StudentSystem.csproj", "{819CDFA8-8BBB-47C0-A8CC-982176BAD485}"
EndProject
Project("{FAE04EC0-301F-11D3-BF4B-00C04F79EFBC}") = "StudentSystemStartup", "StudentSystemStartup\StudentSystemStartup.csproj", "{3B55E6BC-7B44-4C2C-9D7F-5D4B37E20B69}"
EndProject
Global
	GlobalSection(SolutionConfigurationPlatforms) = preSolution
		Debug|Any CPU = Debug|Any CPU
		Release|Any CPU = Release|Any CPU
	EndGlobalSection
	GlobalSection(ProjectConfigurationPlatforms) = postSolution
		{819CDFA8-8BBB-47C0-A8CC-982176BAD485}.Debug|Any CPU.ActiveCfg = Debug|Any CPU
		{819CDFA8-8BBB-47C0-A8CC-982176BAD485}.Debug|Any CPU.Build.0 = Debug|Any CPU
		{819CDFA8-8BBB-47C0-A8CC-982176BAD485}.Release|Any CPU.ActiveCfg = Release|Any CPU
		{819CDFA8-8BBB-47C0-A8CC-982176BAD485}.Release|Any CPU.Build.0 = Release|Any CPU
		{3B55E6BC-7B44-4C2C-9D7F-5D4B37E20B69}.Debug|Any CPU.ActiveCfg = Debug|Any CPU
		{3B55E6BC-7B44-4C2C-9D7F-5D4B37E20B69}.Debug|Any CPU.Build.0 = Debug|Any CPU
		{3B55E6BC-7B44-4C2C-9D7F-5D4B37E20B69}.Release|Any CPU.ActiveCfg = Release|Any CPU
		{3B55E6BC-7B44-4C2C-9D7F-5D4B37E20B69}.Release|Any CPU.Build.0 = Release|Any CPU
	EndGlobalSection
	GlobalSection(SolutionProperties) = preSolution
		HideSolutionNode = FALSE
	EndGlobalSection
	GlobalSection(ExtensibilityGlobals) = postSolution
		SolutionGuid = {8B35E06E-B999-4911-81D2-AFC8C1B632E3}
	EndGlobalSection
EndGlobal
